
Microsoft Visual Studio Solution File, Format Version 12.00
# Visual Studio Version 16
VisualStudioVersion = 16.0.32413.511
MinimumVisualStudioVersion = 10.0.40219.1
Project("{FAE04EC0-301F-11D3-BF4B-00C04F79EFBC}") = "CSharpApp", "CSharpApp\CSharpApp.csproj", "{A492C349-C39A-48A7-9BF0-F64AAFBE17F7}"
EndProject
Project("{FAE04EC0-301F-11D3-BF4B-00C04F79EFBC}") = "FileTransform", "FileTransform\FileTransform.csproj", "{CF185706-E36B-4D1F-96A2-703806224242}"
EndProject
Project("{2150E333-8FDC-42A3-9474-1A3956D46DE8}") = "CommonFunction", "CommonFunction", "{1AE1D90D-5836-44C9-B12A-B4C5E757EFC1}"
	ProjectSection(SolutionItems) = preProject
		Common Function\ApplicationSetting.cs = Common Function\ApplicationSetting.cs
		Common Function\Communication_GPIB.cs = Common Function\Communication_GPIB.cs
		Common Function\Communication_Rs485.cs = Common Function\Communication_Rs485.cs
		Common Function\Licence.cs = Common Function\Licence.cs
		Common Function\Tool.cs = Common Function\Tool.cs
	EndProjectSection
EndProject
Project("{FAE04EC0-301F-11D3-BF4B-00C04F79EFBC}") = "Mapping", "Mapping\Mapping.csproj", "{F65F551C-276E-45AF-A6E4-BB8F099DC434}"
EndProject
Project("{FAE04EC0-301F-11D3-BF4B-00C04F79EFBC}") = "InstrumentTest", "InstrumentTest\InstrumentTest.csproj", "{A60B737D-73FB-410E-8597-460B3108D634}"
EndProject
Global
	GlobalSection(SolutionConfigurationPlatforms) = preSolution
		Debug|Any CPU = Debug|Any CPU
		Release|Any CPU = Release|Any CPU
	EndGlobalSection
	GlobalSection(ProjectConfigurationPlatforms) = postSolution
		{A492C349-C39A-48A7-9BF0-F64AAFBE17F7}.Debug|Any CPU.ActiveCfg = Debug|Any CPU
		{A492C349-C39A-48A7-9BF0-F64AAFBE17F7}.Debug|Any CPU.Build.0 = Debug|Any CPU
		{A492C349-C39A-48A7-9BF0-F64AAFBE17F7}.Release|Any CPU.ActiveCfg = Release|Any CPU
		{A492C349-C39A-48A7-9BF0-F64AAFBE17F7}.Release|Any CPU.Build.0 = Release|Any CPU
		{CF185706-E36B-4D1F-96A2-703806224242}.Debug|Any CPU.ActiveCfg = Debug|Any CPU
		{CF185706-E36B-4D1F-96A2-703806224242}.Debug|Any CPU.Build.0 = Debug|Any CPU
		{CF185706-E36B-4D1F-96A2-703806224242}.Release|Any CPU.ActiveCfg = Release|Any CPU
		{CF185706-E36B-4D1F-96A2-703806224242}.Release|Any CPU.Build.0 = Release|Any CPU
		{F65F551C-276E-45AF-A6E4-BB8F099DC434}.Debug|Any CPU.ActiveCfg = Debug|Any CPU
		{F65F551C-276E-45AF-A6E4-BB8F099DC434}.Debug|Any CPU.Build.0 = Debug|Any CPU
		{F65F551C-276E-45AF-A6E4-BB8F099DC434}.Release|Any CPU.ActiveCfg = Release|Any CPU
		{F65F551C-276E-45AF-A6E4-BB8F099DC434}.Release|Any CPU.Build.0 = Release|Any CPU
		{A60B737D-73FB-410E-8597-460B3108D634}.Debug|Any CPU.ActiveCfg = Debug|Any CPU
		{A60B737D-73FB-410E-8597-460B3108D634}.Debug|Any CPU.Build.0 = Debug|Any CPU
		{A60B737D-73FB-410E-8597-460B3108D634}.Release|Any CPU.ActiveCfg = Release|Any CPU
		{A60B737D-73FB-410E-8597-460B3108D634}.Release|Any CPU.Build.0 = Release|Any CPU
	EndGlobalSection
	GlobalSection(SolutionProperties) = preSolution
		HideSolutionNode = FALSE
	EndGlobalSection
	GlobalSection(ExtensibilityGlobals) = postSolution
		SolutionGuid = {9F4BAC85-73CC-4C9A-B028-B2BAB22B615D}
	EndGlobalSection
EndGlobal
